// !$*UTF8*$!
{
	archiveVersion = 1;
	classes = {
	};
	objectVersion = 46;
	objects = {

/* Begin PBXBuildFile section */
		F38F533218162B2100195EAA /* SDWebImage.framework in Frameworks */ = {isa = PBXBuildFile; fileRef = F38F533118162B2100195EAA /* SDWebImage.framework */; };
		F38F533618162E0F00195EAA /* image_loading_default.png in Resources */ = {isa = PBXBuildFile; fileRef = F38F533418162E0F00195EAA /* image_loading_default.png */; };
		F38F533718162E0F00195EAA /* image_loading_default@2x.png in Resources */ = {isa = PBXBuildFile; fileRef = F38F533518162E0F00195EAA /* image_loading_default@2x.png */; };
		F38F5339181663B500195EAA /* ImageIO.framework in Frameworks */ = {isa = PBXBuildFile; fileRef = F38F5338181663B500195EAA /* ImageIO.framework */; };
		F38F533C18166D2A00195EAA /* UIImageView+UIActivityIndicatorForSDWebImage.m in Sources */ = {isa = PBXBuildFile; fileRef = F38F533B18166D2A00195EAA /* UIImageView+UIActivityIndicatorForSDWebImage.m */; };
		F39FFCCE181122190035F336 /* HUDLoadingView.m in Sources */ = {isa = PBXBuildFile; fileRef = F39FFCCD181122190035F336 /* HUDLoadingView.m */; };
		F3AE52A6180FC80D0055AE17 /* Foundation.framework in Frameworks */ = {isa = PBXBuildFile; fileRef = F3AE52A5180FC80D0055AE17 /* Foundation.framework */; };
		F3AE52A8180FC80D0055AE17 /* CoreGraphics.framework in Frameworks */ = {isa = PBXBuildFile; fileRef = F3AE52A7180FC80D0055AE17 /* CoreGraphics.framework */; };
		F3AE52AA180FC80D0055AE17 /* UIKit.framework in Frameworks */ = {isa = PBXBuildFile; fileRef = F3AE52A9180FC80D0055AE17 /* UIKit.framework */; };
		F3AE52B0180FC80D0055AE17 /* InfoPlist.strings in Resources */ = {isa = PBXBuildFile; fileRef = F3AE52AE180FC80D0055AE17 /* InfoPlist.strings */; };
		F3AE52B2180FC80D0055AE17 /* main.m in Sources */ = {isa = PBXBuildFile; fileRef = F3AE52B1180FC80D0055AE17 /* main.m */; };
		F3AE52B6180FC80D0055AE17 /* AppDelegate.m in Sources */ = {isa = PBXBuildFile; fileRef = F3AE52B5180FC80D0055AE17 /* AppDelegate.m */; };
		F3AE52B9180FC80D0055AE17 /* Main.storyboard in Resources */ = {isa = PBXBuildFile; fileRef = F3AE52B7180FC80D0055AE17 /* Main.storyboard */; };
		F3AE52BC180FC80D0055AE17 /* ViewController.m in Sources */ = {isa = PBXBuildFile; fileRef = F3AE52BB180FC80D0055AE17 /* ViewController.m */; };
		F3AE52BE180FC80D0055AE17 /* Images.xcassets in Resources */ = {isa = PBXBuildFile; fileRef = F3AE52BD180FC80D0055AE17 /* Images.xcassets */; };
		F3AE52C5180FC80D0055AE17 /* XCTest.framework in Frameworks */ = {isa = PBXBuildFile; fileRef = F3AE52C4180FC80D0055AE17 /* XCTest.framework */; };
		F3AE52C6180FC80D0055AE17 /* Foundation.framework in Frameworks */ = {isa = PBXBuildFile; fileRef = F3AE52A5180FC80D0055AE17 /* Foundation.framework */; };
		F3AE52C7180FC80D0055AE17 /* UIKit.framework in Frameworks */ = {isa = PBXBuildFile; fileRef = F3AE52A9180FC80D0055AE17 /* UIKit.framework */; };
		F3AE52CF180FC80D0055AE17 /* InfoPlist.strings in Resources */ = {isa = PBXBuildFile; fileRef = F3AE52CD180FC80D0055AE17 /* InfoPlist.strings */; };
		F3AE52D1180FC80D0055AE17 /* NXLoadImageTests.m in Sources */ = {isa = PBXBuildFile; fileRef = F3AE52D0180FC80D0055AE17 /* NXLoadImageTests.m */; };
/* End PBXBuildFile section */

/* Begin PBXContainerItemProxy section */
		F3AE52C8180FC80D0055AE17 /* PBXContainerItemProxy */ = {
			isa = PBXContainerItemProxy;
			containerPortal = F3AE529A180FC80D0055AE17 /* Project object */;
			proxyType = 1;
			remoteGlobalIDString = F3AE52A1180FC80D0055AE17;
			remoteInfo = NXLoadImage;
		};
/* End PBXContainerItemProxy section */

/* Begin PBXFileReference section */
		F38F533118162B2100195EAA /* SDWebImage.framework */ = {isa = PBXFileReference; lastKnownFileType = wrapper.framework; path = SDWebImage.framework; sourceTree = "<group>"; };
		F38F533418162E0F00195EAA /* image_loading_default.png */ = {isa = PBXFileReference; lastKnownFileType = image.png; path = image_loading_default.png; sourceTree = "<group>"; };
		F38F533518162E0F00195EAA /* image_loading_default@2x.png */ = {isa = PBXFileReference; lastKnownFileType = image.png; path = "image_loading_default@2x.png"; sourceTree = "<group>"; };
		F38F5338181663B500195EAA /* ImageIO.framework */ = {isa = PBXFileReference; lastKnownFileType = wrapper.framework; name = ImageIO.framework; path = System/Library/Frameworks/ImageIO.framework; sourceTree = SDKROOT; };
		F38F533A18166D2A00195EAA /* UIImageView+UIActivityIndicatorForSDWebImage.h */ = {isa = PBXFileReference; fileEncoding = 4; lastKnownFileType = sourcecode.c.h; path = "UIImageView+UIActivityIndicatorForSDWebImage.h"; sourceTree = SOURCE_ROOT; };
		F38F533B18166D2A00195EAA /* UIImageView+UIActivityIndicatorForSDWebImage.m */ = {isa = PBXFileReference; fileEncoding = 4; lastKnownFileType = sourcecode.c.objc; path = "UIImageView+UIActivityIndicatorForSDWebImage.m"; sourceTree = SOURCE_ROOT; };
		F39FFCCC181122190035F336 /* HUDLoadingView.h */ = {isa = PBXFileReference; fileEncoding = 4; lastKnownFileType = sourcecode.c.h; path = HUDLoadingView.h; sourceTree = "<group>"; };
		F39FFCCD181122190035F336 /* HUDLoadingView.m */ = {isa = PBXFileReference; fileEncoding = 4; lastKnownFileType = sourcecode.c.objc; path = HUDLoadingView.m; sourceTree = "<group>"; };
		F3AE52A2180FC80D0055AE17 /* NXLoadImage.app */ = {isa = PBXFileReference; explicitFileType = wrapper.application; includeInIndex = 0; path = NXLoadImage.app; sourceTree = BUILT_PRODUCTS_DIR; };
		F3AE52A5180FC80D0055AE17 /* Foundation.framework */ = {isa = PBXFileReference; lastKnownFileType = wrapper.framework; name = Foundation.framework; path = System/Library/Frameworks/Foundation.framework; sourceTree = SDKROOT; };
		F3AE52A7180FC80D0055AE17 /* CoreGraphics.framework */ = {isa = PBXFileReference; lastKnownFileType = wrapper.framework; name = CoreGraphics.framework; path = System/Library/Frameworks/CoreGraphics.framework; sourceTree = SDKROOT; };
		F3AE52A9180FC80D0055AE17 /* UIKit.framework */ = {isa = PBXFileReference; lastKnownFileType = wrapper.framework; name = UIKit.framework; path = System/Library/Frameworks/UIKit.framework; sourceTree = SDKROOT; };
		F3AE52AD180FC80D0055AE17 /* NXLoadImage-Info.plist */ = {isa = PBXFileReference; lastKnownFileType = text.plist.xml; path = "NXLoadImage-Info.plist"; sourceTree = "<group>"; };
		F3AE52AF180FC80D0055AE17 /* en */ = {isa = PBXFileReference; lastKnownFileType = text.plist.strings; name = en; path = en.lproj/InfoPlist.strings; sourceTree = "<group>"; };
		F3AE52B1180FC80D0055AE17 /* main.m */ = {isa = PBXFileReference; lastKnownFileType = sourcecode.c.objc; path = main.m; sourceTree = "<group>"; };
		F3AE52B3180FC80D0055AE17 /* NXLoadImage-Prefix.pch */ = {isa = PBXFileReference; lastKnownFileType = sourcecode.c.h; path = "NXLoadImage-Prefix.pch"; sourceTree = "<group>"; };
		F3AE52B4180FC80D0055AE17 /* AppDelegate.h */ = {isa = PBXFileReference; lastKnownFileType = sourcecode.c.h; path = AppDelegate.h; sourceTree = "<group>"; };
		F3AE52B5180FC80D0055AE17 /* AppDelegate.m */ = {isa = PBXFileReference; lastKnownFileType = sourcecode.c.objc; path = AppDelegate.m; sourceTree = "<group>"; };
		F3AE52B8180FC80D0055AE17 /* Base */ = {isa = PBXFileReference; lastKnownFileType = file.storyboard; name = Base; path = Base.lproj/Main.storyboard; sourceTree = "<group>"; };
		F3AE52BA180FC80D0055AE17 /* ViewController.h */ = {isa = PBXFileReference; lastKnownFileType = sourcecode.c.h; path = ViewController.h; sourceTree = "<group>"; };
		F3AE52BB180FC80D0055AE17 /* ViewController.m */ = {isa = PBXFileReference; lastKnownFileType = sourcecode.c.objc; path = ViewController.m; sourceTree = "<group>"; };
		F3AE52BD180FC80D0055AE17 /* Images.xcassets */ = {isa = PBXFileReference; lastKnownFileType = folder.assetcatalog; path = Images.xcassets; sourceTree = "<group>"; };
		F3AE52C3180FC80D0055AE17 /* NXLoadImageTests.xctest */ = {isa = PBXFileReference; explicitFileType = wrapper.cfbundle; includeInIndex = 0; path = NXLoadImageTests.xctest; sourceTree = BUILT_PRODUCTS_DIR; };
		F3AE52C4180FC80D0055AE17 /* XCTest.framework */ = {isa = PBXFileReference; lastKnownFileType = wrapper.framework; name = XCTest.framework; path = Library/Frameworks/XCTest.framework; sourceTree = DEVELOPER_DIR; };
		F3AE52CC180FC80D0055AE17 /* NXLoadImageTests-Info.plist */ = {isa = PBXFileReference; lastKnownFileType = text.plist.xml; path = "NXLoadImageTests-Info.plist"; sourceTree = "<group>"; };
		F3AE52CE180FC80D0055AE17 /* en */ = {isa = PBXFileReference; lastKnownFileType = text.plist.strings; name = en; path = en.lproj/InfoPlist.strings; sourceTree = "<group>"; };
		F3AE52D0180FC80D0055AE17 /* NXLoadImageTests.m */ = {isa = PBXFileReference; lastKnownFileType = sourcecode.c.objc; path = NXLoadImageTests.m; sourceTree = "<group>"; };
/* End PBXFileReference section */

/* Begin PBXFrameworksBuildPhase section */
		F3AE529F180FC80D0055AE17 /* Frameworks */ = {
			isa = PBXFrameworksBuildPhase;
			buildActionMask = 2147483647;
			files = (
				F38F5339181663B500195EAA /* ImageIO.framework in Frameworks */,
				F38F533218162B2100195EAA /* SDWebImage.framework in Frameworks */,
				F3AE52A8180FC80D0055AE17 /* CoreGraphics.framework in Frameworks */,
				F3AE52AA180FC80D0055AE17 /* UIKit.framework in Frameworks */,
				F3AE52A6180FC80D0055AE17 /* Foundation.framework in Frameworks */,
			);
			runOnlyForDeploymentPostprocessing = 0;
		};
		F3AE52C0180FC80D0055AE17 /* Frameworks */ = {
			isa = PBXFrameworksBuildPhase;
			buildActionMask = 2147483647;
			files = (
				F3AE52C5180FC80D0055AE17 /* XCTest.framework in Frameworks */,
				F3AE52C7180FC80D0055AE17 /* UIKit.framework in Frameworks */,
				F3AE52C6180FC80D0055AE17 /* Foundation.framework in Frameworks */,
			);
			runOnlyForDeploymentPostprocessing = 0;
		};
/* End PBXFrameworksBuildPhase section */

/* Begin PBXGroup section */
		F38F533018162B2100195EAA /* Thirdlib */ = {
			isa = PBXGroup;
			children = (
				F38F533118162B2100195EAA /* SDWebImage.framework */,
			);
			path = Thirdlib;
			sourceTree = "<group>";
		};
		F38F533318162E0F00195EAA /* Resource */ = {
			isa = PBXGroup;
			children = (
				F38F533418162E0F00195EAA /* image_loading_default.png */,
				F38F533518162E0F00195EAA /* image_loading_default@2x.png */,
			);
			path = Resource;
			sourceTree = "<group>";
		};
		F3AE5299180FC80D0055AE17 = {
			isa = PBXGroup;
			children = (
				F38F533018162B2100195EAA /* Thirdlib */,
				F3AE52AB180FC80D0055AE17 /* NXLoadImage */,
				F3AE52CA180FC80D0055AE17 /* NXLoadImageTests */,
				F3AE52A4180FC80D0055AE17 /* Frameworks */,
				F3AE52A3180FC80D0055AE17 /* Products */,
			);
			sourceTree = "<group>";
		};
		F3AE52A3180FC80D0055AE17 /* Products */ = {
			isa = PBXGroup;
			children = (
				F3AE52A2180FC80D0055AE17 /* NXLoadImage.app */,
				F3AE52C3180FC80D0055AE17 /* NXLoadImageTests.xctest */,
			);
			name = Products;
			sourceTree = "<group>";
		};
		F3AE52A4180FC80D0055AE17 /* Frameworks */ = {
			isa = PBXGroup;
			children = (
				F38F5338181663B500195EAA /* ImageIO.framework */,
				F3AE52A5180FC80D0055AE17 /* Foundation.framework */,
				F3AE52A7180FC80D0055AE17 /* CoreGraphics.framework */,
				F3AE52A9180FC80D0055AE17 /* UIKit.framework */,
				F3AE52C4180FC80D0055AE17 /* XCTest.framework */,
			);
			name = Frameworks;
			sourceTree = "<group>";
		};
		F3AE52AB180FC80D0055AE17 /* NXLoadImage */ = {
			isa = PBXGroup;
			children = (
				F38F533A18166D2A00195EAA /* UIImageView+UIActivityIndicatorForSDWebImage.h */,
				F38F533B18166D2A00195EAA /* UIImageView+UIActivityIndicatorForSDWebImage.m */,
				F38F533318162E0F00195EAA /* Resource */,
				F39FFCCC181122190035F336 /* HUDLoadingView.h */,
				F39FFCCD181122190035F336 /* HUDLoadingView.m */,
				F3AE52B4180FC80D0055AE17 /* AppDelegate.h */,
				F3AE52B5180FC80D0055AE17 /* AppDelegate.m */,
				F3AE52B7180FC80D0055AE17 /* Main.storyboard */,
				F3AE52BA180FC80D0055AE17 /* ViewController.h */,
				F3AE52BB180FC80D0055AE17 /* ViewController.m */,
				F3AE52BD180FC80D0055AE17 /* Images.xcassets */,
				F3AE52AC180FC80D0055AE17 /* Supporting Files */,
			);
			path = NXLoadImage;
			sourceTree = "<group>";
		};
		F3AE52AC180FC80D0055AE17 /* Supporting Files */ = {
			isa = PBXGroup;
			children = (
				F3AE52AD180FC80D0055AE17 /* NXLoadImage-Info.plist */,
				F3AE52AE180FC80D0055AE17 /* InfoPlist.strings */,
				F3AE52B1180FC80D0055AE17 /* main.m */,
				F3AE52B3180FC80D0055AE17 /* NXLoadImage-Prefix.pch */,
			);
			name = "Supporting Files";
			sourceTree = "<group>";
		};
		F3AE52CA180FC80D0055AE17 /* NXLoadImageTests */ = {
			isa = PBXGroup;
			children = (
				F3AE52D0180FC80D0055AE17 /* NXLoadImageTests.m */,
				F3AE52CB180FC80D0055AE17 /* Supporting Files */,
			);
			path = NXLoadImageTests;
			sourceTree = "<group>";
		};
		F3AE52CB180FC80D0055AE17 /* Supporting Files */ = {
			isa = PBXGroup;
			children = (
				F3AE52CC180FC80D0055AE17 /* NXLoadImageTests-Info.plist */,
				F3AE52CD180FC80D0055AE17 /* InfoPlist.strings */,
			);
			name = "Supporting Files";
			sourceTree = "<group>";
		};
/* End PBXGroup section */

/* Begin PBXNativeTarget section */
		F3AE52A1180FC80D0055AE17 /* NXLoadImage */ = {
			isa = PBXNativeTarget;
			buildConfigurationList = F3AE52D4180FC80D0055AE17 /* Build configuration list for PBXNativeTarget "NXLoadImage" */;
			buildPhases = (
				F3AE529E180FC80D0055AE17 /* Sources */,
				F3AE529F180FC80D0055AE17 /* Frameworks */,
				F3AE52A0180FC80D0055AE17 /* Resources */,
			);
			buildRules = (
			);
			dependencies = (
			);
			name = NXLoadImage;
			productName = NXLoadImage;
			productReference = F3AE52A2180FC80D0055AE17 /* NXLoadImage.app */;
			productType = "com.apple.product-type.application";
		};
		F3AE52C2180FC80D0055AE17 /* NXLoadImageTests */ = {
			isa = PBXNativeTarget;
			buildConfigurationList = F3AE52D7180FC80D0055AE17 /* Build configuration list for PBXNativeTarget "NXLoadImageTests" */;
			buildPhases = (
				F3AE52BF180FC80D0055AE17 /* Sources */,
				F3AE52C0180FC80D0055AE17 /* Frameworks */,
				F3AE52C1180FC80D0055AE17 /* Resources */,
			);
			buildRules = (
			);
			dependencies = (
				F3AE52C9180FC80D0055AE17 /* PBXTargetDependency */,
			);
			name = NXLoadImageTests;
			productName = NXLoadImageTests;
			productReference = F3AE52C3180FC80D0055AE17 /* NXLoadImageTests.xctest */;
			productType = "com.apple.product-type.bundle.unit-test";
		};
/* End PBXNativeTarget section */

/* Begin PBXProject section */
		F3AE529A180FC80D0055AE17 /* Project object */ = {
			isa = PBXProject;
			attributes = {
				LastUpgradeCheck = 0500;
				ORGANIZATIONNAME = NuoXia;
				TargetAttributes = {
					F3AE52C2180FC80D0055AE17 = {
						TestTargetID = F3AE52A1180FC80D0055AE17;
					};
				};
			};
			buildConfigurationList = F3AE529D180FC80D0055AE17 /* Build configuration list for PBXProject "NXLoadImage" */;
			compatibilityVersion = "Xcode 3.2";
			developmentRegion = English;
			hasScannedForEncodings = 0;
			knownRegions = (
				en,
				Base,
			);
			mainGroup = F3AE5299180FC80D0055AE17;
			productRefGroup = F3AE52A3180FC80D0055AE17 /* Products */;
			projectDirPath = "";
			projectRoot = "";
			targets = (
				F3AE52A1180FC80D0055AE17 /* NXLoadImage */,
				F3AE52C2180FC80D0055AE17 /* NXLoadImageTests */,
			);
		};
/* End PBXProject section */

/* Begin PBXResourcesBuildPhase section */
		F3AE52A0180FC80D0055AE17 /* Resources */ = {
			isa = PBXResourcesBuildPhase;
			buildActionMask = 2147483647;
			files = (
				F38F533718162E0F00195EAA /* image_loading_default@2x.png in Resources */,
				F3AE52BE180FC80D0055AE17 /* Images.xcassets in Resources */,
				F3AE52B0180FC80D0055AE17 /* InfoPlist.strings in Resources */,
				F3AE52B9180FC80D0055AE17 /* Main.storyboard in Resources */,
				F38F533618162E0F00195EAA /* image_loading_default.png in Resources */,
			);
			runOnlyForDeploymentPostprocessing = 0;
		};
		F3AE52C1180FC80D0055AE17 /* Resources */ = {
			isa = PBXResourcesBuildPhase;
			buildActionMask = 2147483647;
			files = (
				F3AE52CF180FC80D0055AE17 /* InfoPlist.strings in Resources */,
			);
			runOnlyForDeploymentPostprocessing = 0;
		};
/* End PBXResourcesBuildPhase section */

/* Begin PBXSourcesBuildPhase section */
		F3AE529E180FC80D0055AE17 /* Sources */ = {
			isa = PBXSourcesBuildPhase;
			buildActionMask = 2147483647;
			files = (
				F3AE52BC180FC80D0055AE17 /* ViewController.m in Sources */,
				F39FFCCE181122190035F336 /* HUDLoadingView.m in Sources */,
				F38F533C18166D2A00195EAA /* UIImageView+UIActivityIndicatorForSDWebImage.m in Sources */,
				F3AE52B6180FC80D0055AE17 /* AppDelegate.m in Sources */,
				F3AE52B2180FC80D0055AE17 /* main.m in Sources */,
			);
			runOnlyForDeploymentPostprocessing = 0;
		};
		F3AE52BF180FC80D0055AE17 /* Sources */ = {
			isa = PBXSourcesBuildPhase;
			buildActionMask = 2147483647;
			files = (
				F3AE52D1180FC80D0055AE17 /* NXLoadImageTests.m in Sources */,
			);
			runOnlyForDeploymentPostprocessing = 0;
		};
/* End PBXSourcesBuildPhase section */

/* Begin PBXTargetDependency section */
		F3AE52C9180FC80D0055AE17 /* PBXTargetDependency */ = {
			isa = PBXTargetDependency;
			target = F3AE52A1180FC80D0055AE17 /* NXLoadImage */;
			targetProxy = F3AE52C8180FC80D0055AE17 /* PBXContainerItemProxy */;
		};
/* End PBXTargetDependency section */

/* Begin PBXVariantGroup section */
		F3AE52AE180FC80D0055AE17 /* InfoPlist.strings */ = {
			isa = PBXVariantGroup;
			children = (
				F3AE52AF180FC80D0055AE17 /* en */,
			);
			name = InfoPlist.strings;
			sourceTree = "<group>";
		};
		F3AE52B7180FC80D0055AE17 /* Main.storyboard */ = {
			isa = PBXVariantGroup;
			children = (
				F3AE52B8180FC80D0055AE17 /* Base */,
			);
			name = Main.storyboard;
			sourceTree = "<group>";
		};
		F3AE52CD180FC80D0055AE17 /* InfoPlist.strings */ = {
			isa = PBXVariantGroup;
			children = (
				F3AE52CE180FC80D0055AE17 /* en */,
			);
			name = InfoPlist.strings;
			sourceTree = "<group>";
		};
/* End PBXVariantGroup section */

/* Begin XCBuildConfiguration section */
		F3AE52D2180FC80D0055AE17 /* Debug */ = {
			isa = XCBuildConfiguration;
			buildSettings = {
				ALWAYS_SEARCH_USER_PATHS = NO;
				ARCHS = "$(ARCHS_STANDARD_INCLUDING_64_BIT)";
				CLANG_CXX_LANGUAGE_STANDARD = "gnu++0x";
				CLANG_CXX_LIBRARY = "libc++";
				CLANG_ENABLE_MODULES = YES;
				CLANG_ENABLE_OBJC_ARC = YES;
				CLANG_WARN_BOOL_CONVERSION = YES;
				CLANG_WARN_CONSTANT_CONVERSION = YES;
				CLANG_WARN_DIRECT_OBJC_ISA_USAGE = YES_ERROR;
				CLANG_WARN_EMPTY_BODY = YES;
				CLANG_WARN_ENUM_CONVERSION = YES;
				CLANG_WARN_INT_CONVERSION = YES;
				CLANG_WARN_OBJC_ROOT_CLASS = YES_ERROR;
				CLANG_WARN__DUPLICATE_METHOD_MATCH = YES;
				"CODE_SIGN_IDENTITY[sdk=iphoneos*]" = "iPhone Developer";
				COPY_PHASE_STRIP = NO;
				GCC_C_LANGUAGE_STANDARD = gnu99;
				GCC_DYNAMIC_NO_PIC = NO;
				GCC_OPTIMIZATION_LEVEL = 0;
				GCC_PREPROCESSOR_DEFINITIONS = (
					"DEBUG=1",
					"$(inherited)",
				);
				GCC_SYMBOLS_PRIVATE_EXTERN = NO;
				GCC_WARN_64_TO_32_BIT_CONVERSION = YES;
				GCC_WARN_ABOUT_RETURN_TYPE = YES_ERROR;
				GCC_WARN_UNDECLARED_SELECTOR = YES;
				GCC_WARN_UNINITIALIZED_AUTOS = YES;
				GCC_WARN_UNUSED_FUNCTION = YES;
				GCC_WARN_UNUSED_VARIABLE = YES;
				IPHONEOS_DEPLOYMENT_TARGET = 7.0;
				ONLY_ACTIVE_ARCH = YES;
				SDKROOT = iphoneos;
			};
			name = Debug;
		};
		F3AE52D3180FC80D0055AE17 /* Release */ = {
			isa = XCBuildConfiguration;
			buildSettings = {
				ALWAYS_SEARCH_USER_PATHS = NO;
				ARCHS = "$(ARCHS_STANDARD_INCLUDING_64_BIT)";
				CLANG_CXX_LANGUAGE_STANDARD = "gnu++0x";
				CLANG_CXX_LIBRARY = "libc++";
				CLANG_ENABLE_MODULES = YES;
				CLANG_ENABLE_OBJC_ARC = YES;
				CLANG_WARN_BOOL_CONVERSION = YES;
				CLANG_WARN_CONSTANT_CONVERSION = YES;
				CLANG_WARN_DIRECT_OBJC_ISA_USAGE = YES_ERROR;
				CLANG_WARN_EMPTY_BODY = YES;
				CLANG_WARN_ENUM_CONVERSION = YES;
				CLANG_WARN_INT_CONVERSION = YES;
				CLANG_WARN_OBJC_ROOT_CLASS = YES_ERROR;
				CLANG_WARN__DUPLICATE_METHOD_MATCH = YES;
				"CODE_SIGN_IDENTITY[sdk=iphoneos*]" = "iPhone Developer";
				COPY_PHASE_STRIP = YES;
				ENABLE_NS_ASSERTIONS = NO;
				GCC_C_LANGUAGE_STANDARD = gnu99;
				GCC_WARN_64_TO_32_BIT_CONVERSION = YES;
				GCC_WARN_ABOUT_RETURN_TYPE = YES_ERROR;
				GCC_WARN_UNDECLARED_SELECTOR = YES;
				GCC_WARN_UNINITIALIZED_AUTOS = YES;
				GCC_WARN_UNUSED_FUNCTION = YES;
				GCC_WARN_UNUSED_VARIABLE = YES;
				IPHONEOS_DEPLOYMENT_TARGET = 7.0;
				SDKROOT = iphoneos;
				VALIDATE_PRODUCT = YES;
			};
			name = Release;
		};
		F3AE52D5180FC80D0055AE17 /* Debug */ = {
			isa = XCBuildConfiguration;
			buildSettings = {
				ASSETCATALOG_COMPILER_APPICON_NAME = AppIcon;
				ASSETCATALOG_COMPILER_LAUNCHIMAGE_NAME = LaunchImage;
				FRAMEWORK_SEARCH_PATHS = (
					"$(inherited)",
					/Users/cienet/Desktop,
					/Users/cienet/Desktop/Code/NXLoadImage/Thirdlib,
				);
				GCC_PRECOMPILE_PREFIX_HEADER = YES;
				GCC_PREFIX_HEADER = "NXLoadImage/NXLoadImage-Prefix.pch";
				INFOPLIST_FILE = "NXLoadImage/NXLoadImage-Info.plist";
				OTHER_LDFLAGS = "-ObjC";
				PRODUCT_NAME = "$(TARGET_NAME)";
				WRAPPER_EXTENSION = app;
			};
			name = Debug;
		};
		F3AE52D6180FC80D0055AE17 /* Release */ = {
			isa = XCBuildConfiguration;
			buildSettings = {
				ASSETCATALOG_COMPILER_APPICON_NAME = AppIcon;
				ASSETCATALOG_COMPILER_LAUNCHIMAGE_NAME = LaunchImage;
				FRAMEWORK_SEARCH_PATHS = (
					"$(inherited)",
					/Users/cienet/Desktop,
					/Users/cienet/Desktop/Code/NXLoadImage/Thirdlib,
				);
				GCC_PRECOMPILE_PREFIX_HEADER = YES;
				GCC_PREFIX_HEADER = "NXLoadImage/NXLoadImage-Prefix.pch";
				INFOPLIST_FILE = "NXLoadImage/NXLoadImage-Info.plist";
				OTHER_LDFLAGS = "-ObjC";
				PRODUCT_NAME = "$(TARGET_NAME)";
				WRAPPER_EXTENSION = app;
			};
			name = Release;
		};
		F3AE52D8180FC80D0055AE17 /* Debug */ = {
			isa = XCBuildConfiguration;
			buildSettings = {
				ARCHS = "$(ARCHS_STANDARD_INCLUDING_64_BIT)";
				BUNDLE_LOADER = "$(BUILT_PRODUCTS_DIR)/NXLoadImage.app/NXLoadImage";
				FRAMEWORK_SEARCH_PATHS = (
					"$(SDKROOT)/Developer/Library/Frameworks",
					"$(inherited)",
					"$(DEVELOPER_FRAMEWORKS_DIR)",
				);
				GCC_PRECOMPILE_PREFIX_HEADER = YES;
				GCC_PREFIX_HEADER = "NXLoadImage/NXLoadImage-Prefix.pch";
				GCC_PREPROCESSOR_DEFINITIONS = (
					"DEBUG=1",
					"$(inherited)",
				);
				INFOPLIST_FILE = "NXLoadImageTests/NXLoadImageTests-Info.plist";
				PRODUCT_NAME = "$(TARGET_NAME)";
				TEST_HOST = "$(BUNDLE_LOADER)";
				WRAPPER_EXTENSION = xctest;
			};
			name = Debug;
		};
		F3AE52D9180FC80D0055AE17 /* Release */ = {
			isa = XCBuildConfiguration;
			buildSettings = {
				ARCHS = "$(ARCHS_STANDARD_INCLUDING_64_BIT)";
				BUNDLE_LOADER = "$(BUILT_PRODUCTS_DIR)/NXLoadImage.app/NXLoadImage";
				FRAMEWORK_SEARCH_PATHS = (
					"$(SDKROOT)/Developer/Library/Frameworks",
					"$(inherited)",
					"$(DEVELOPER_FRAMEWORKS_DIR)",
				);
				GCC_PRECOMPILE_PREFIX_HEADER = YES;
				GCC_PREFIX_HEADER = "NXLoadImage/NXLoadImage-Prefix.pch";
				INFOPLIST_FILE = "NXLoadImageTests/NXLoadImageTests-Info.plist";
				PRODUCT_NAME = "$(TARGET_NAME)";
				TEST_HOST = "$(BUNDLE_LOADER)";
				WRAPPER_EXTENSION = xctest;
			};
			name = Release;
		};
/* End XCBuildConfiguration section */

/* Begin XCConfigurationList section */
		F3AE529D180FC80D0055AE17 /* Build configuration list for PBXProject "NXLoadImage" */ = {
			isa = XCConfigurationList;
			buildConfigurations = (
				F3AE52D2180FC80D0055AE17 /* Debug */,
				F3AE52D3180FC80D0055AE17 /* Release */,
			);
			defaultConfigurationIsVisible = 0;
			defaultConfigurationName = Release;
		};
		F3AE52D4180FC80D0055AE17 /* Build configuration list for PBXNativeTarget "NXLoadImage" */ = {
			isa = XCConfigurationList;
			buildConfigurations = (
				F3AE52D5180FC80D0055AE17 /* Debug */,
				F3AE52D6180FC80D0055AE17 /* Release */,
			);
			defaultConfigurationIsVisible = 0;
			defaultConfigurationName = Release;
		};
		F3AE52D7180FC80D0055AE17 /* Build configuration list for PBXNativeTarget "NXLoadImageTests" */ = {
			isa = XCConfigurationList;
			buildConfigurations = (
				F3AE52D8180FC80D0055AE17 /* Debug */,
				F3AE52D9180FC80D0055AE17 /* Release */,
			);
			defaultConfigurationIsVisible = 0;
			defaultConfigurationName = Release;
		};
/* End XCConfigurationList section */
	};
	rootObject = F3AE529A180FC80D0055AE17 /* Project object */;
}
